
Microsoft Visual Studio Solution File, Format Version 12.00
# Visual Studio 15
Project("{FAE04EC0-301F-11D3-BF4B-00C04F79EFBC}") = "Assembly-CSharp", "Assembly-CSharp.csproj", "{5802601C-F89D-35F3-FAE3-539C917BDEB9}"
EndProject
Project("{FAE04EC0-301F-11D3-BF4B-00C04F79EFBC}") = "Assembly-CSharp-Editor", "Assembly-CSharp-Editor.csproj", "{8DF06CBF-20A5-683A-A2E9-C6402AF139B8}"
EndProject
Global
	GlobalSection(SolutionConfigurationPlatforms) = preSolution
		Debug|Any CPU = Debug|Any CPU
		Release|Any CPU = Release|Any CPU
	EndGlobalSection
	GlobalSection(ProjectConfigurationPlatforms) = postSolution
		{5802601C-F89D-35F3-FAE3-539C917BDEB9}.Debug|Any CPU.ActiveCfg = Debug|Any CPU
		{5802601C-F89D-35F3-FAE3-539C917BDEB9}.Debug|Any CPU.Build.0 = Debug|Any CPU
		{5802601C-F89D-35F3-FAE3-539C917BDEB9}.Release|Any CPU.ActiveCfg = Release|Any CPU
		{5802601C-F89D-35F3-FAE3-539C917BDEB9}.Release|Any CPU.Build.0 = Release|Any CPU
		{8DF06CBF-20A5-683A-A2E9-C6402AF139B8}.Debug|Any CPU.ActiveCfg = Debug|Any CPU
		{8DF06CBF-20A5-683A-A2E9-C6402AF139B8}.Debug|Any CPU.Build.0 = Debug|Any CPU
		{8DF06CBF-20A5-683A-A2E9-C6402AF139B8}.Release|Any CPU.ActiveCfg = Release|Any CPU
		{8DF06CBF-20A5-683A-A2E9-C6402AF139B8}.Release|Any CPU.Build.0 = Release|Any CPU
	EndGlobalSection
	GlobalSection(SolutionProperties) = preSolution
		HideSolutionNode = FALSE
	EndGlobalSection
EndGlobal
